
Microsoft Visual Studio Solution File, Format Version 12.00
# Visual Studio Version 17
VisualStudioVersion = 17.13.35806.99 d17.13
MinimumVisualStudioVersion = 10.0.40219.1
Project("{FAE04EC0-301F-11D3-BF4B-00C04F79EFBC}") = "ScreenRecorder", "ScreenRecorder\ScreenRecorder.csproj", "{2267693E-CE0B-4B53-A021-638DE1FA053F}"
EndProject
Project("{FAE04EC0-301F-11D3-BF4B-00C04F79EFBC}") = "ScreenRecorderTests", "ScreenRecorderTests\ScreenRecorderTests.csproj", "{9BC2039D-72D0-4B6E-8E9A-93BD1D58789D}"
EndProject
Global
	GlobalSection(SolutionConfigurationPlatforms) = preSolution
		Debug|Any CPU = Debug|Any CPU
		Release|Any CPU = Release|Any CPU
	EndGlobalSection
	GlobalSection(ProjectConfigurationPlatforms) = postSolution
		{2267693E-CE0B-4B53-A021-638DE1FA053F}.Debug|Any CPU.ActiveCfg = Debug|Any CPU
		{2267693E-CE0B-4B53-A021-638DE1FA053F}.Debug|Any CPU.Build.0 = Debug|Any CPU
		{2267693E-CE0B-4B53-A021-638DE1FA053F}.Release|Any CPU.ActiveCfg = Release|Any CPU
		{2267693E-CE0B-4B53-A021-638DE1FA053F}.Release|Any CPU.Build.0 = Release|Any CPU
		{9BC2039D-72D0-4B6E-8E9A-93BD1D58789D}.Debug|Any CPU.ActiveCfg = Debug|Any CPU
		{9BC2039D-72D0-4B6E-8E9A-93BD1D58789D}.Debug|Any CPU.Build.0 = Debug|Any CPU
		{9BC2039D-72D0-4B6E-8E9A-93BD1D58789D}.Release|Any CPU.ActiveCfg = Release|Any CPU
		{9BC2039D-72D0-4B6E-8E9A-93BD1D58789D}.Release|Any CPU.Build.0 = Release|Any CPU
	EndGlobalSection
	GlobalSection(SolutionProperties) = preSolution
		HideSolutionNode = FALSE
	EndGlobalSection
	GlobalSection(ExtensibilityGlobals) = postSolution
		SolutionGuid = {0F11A5E7-4533-4929-A93D-6918E9744FC0}
	EndGlobalSection
EndGlobal
